
Microsoft Visual Studio Solution File, Format Version 12.00
# Visual Studio Version 16
VisualStudioVersion = 16.0.29926.136
MinimumVisualStudioVersion = 10.0.40219.1
Project("{FAE04EC0-301F-11D3-BF4B-00C04F79EFBC}") = "EntityFrameworkBD7", "EntityFrameworkBD7\EntityFrameworkBD7.csproj", "{4067E1C3-48E2-42D6-B3B4-DED084C6FC78}"
EndProject
Global
	GlobalSection(SolutionConfigurationPlatforms) = preSolution
		Debug|Any CPU = Debug|Any CPU
		Release|Any CPU = Release|Any CPU
	EndGlobalSection
	GlobalSection(ProjectConfigurationPlatforms) = postSolution
		{4067E1C3-48E2-42D6-B3B4-DED084C6FC78}.Debug|Any CPU.ActiveCfg = Debug|Any CPU
		{4067E1C3-48E2-42D6-B3B4-DED084C6FC78}.Debug|Any CPU.Build.0 = Debug|Any CPU
		{4067E1C3-48E2-42D6-B3B4-DED084C6FC78}.Release|Any CPU.ActiveCfg = Release|Any CPU
		{4067E1C3-48E2-42D6-B3B4-DED084C6FC78}.Release|Any CPU.Build.0 = Release|Any CPU
	EndGlobalSection
	GlobalSection(SolutionProperties) = preSolution
		HideSolutionNode = FALSE
	EndGlobalSection
	GlobalSection(ExtensibilityGlobals) = postSolution
		SolutionGuid = {19D3D804-C913-4C16-B777-CD3C9C7F366A}
	EndGlobalSection
EndGlobal
